
Microsoft Visual Studio Solution File, Format Version 12.00
# Visual Studio Version 17
VisualStudioVersion = 17.3.32922.545
MinimumVisualStudioVersion = 10.0.40219.1
Project("{FAE04EC0-301F-11D3-BF4B-00C04F79EFBC}") = "PDF_Protector_Form", "PDF_Protector_Form\PDF_Protector_Form.csproj", "{3B4FB47A-A84E-4CDF-9528-39472F47AD92}"
EndProject
Global
	GlobalSection(SolutionConfigurationPlatforms) = preSolution
		Debug|Any CPU = Debug|Any CPU
		Release|Any CPU = Release|Any CPU
	EndGlobalSection
	GlobalSection(ProjectConfigurationPlatforms) = postSolution
		{3B4FB47A-A84E-4CDF-9528-39472F47AD92}.Debug|Any CPU.ActiveCfg = Debug|Any CPU
		{3B4FB47A-A84E-4CDF-9528-39472F47AD92}.Debug|Any CPU.Build.0 = Debug|Any CPU
		{3B4FB47A-A84E-4CDF-9528-39472F47AD92}.Release|Any CPU.ActiveCfg = Release|Any CPU
		{3B4FB47A-A84E-4CDF-9528-39472F47AD92}.Release|Any CPU.Build.0 = Release|Any CPU
	EndGlobalSection
	GlobalSection(SolutionProperties) = preSolution
		HideSolutionNode = FALSE
	EndGlobalSection
	GlobalSection(ExtensibilityGlobals) = postSolution
		SolutionGuid = {E1ACD5A7-2D3D-4C5E-BD19-F45CADFB05F7}
	EndGlobalSection
EndGlobal
